
Microsoft Visual Studio Solution File, Format Version 12.00
Project("{FAE04EC0-301F-11D3-BF4B-00C04F79EFBC}") = "CanvasBulkFileDelete", "CanvasBulkFileDelete\CanvasBulkFileDelete.csproj", "{7BA3BD93-1E9B-4EDC-BDE6-EAC1B3441A96}"
EndProject
Project("{FAE04EC0-301F-11D3-BF4B-00C04F79EFBC}") = "AppUtils", "AppUtils\AppUtils.csproj", "{7CB0F2BC-C54F-4E0D-AEB0-9BA7DE76DACB}"
EndProject
Global
	GlobalSection(SolutionConfigurationPlatforms) = preSolution
		Debug|Any CPU = Debug|Any CPU
		Release|Any CPU = Release|Any CPU
	EndGlobalSection
	GlobalSection(ProjectConfigurationPlatforms) = postSolution
		{7BA3BD93-1E9B-4EDC-BDE6-EAC1B3441A96}.Debug|Any CPU.ActiveCfg = Debug|Any CPU
		{7BA3BD93-1E9B-4EDC-BDE6-EAC1B3441A96}.Debug|Any CPU.Build.0 = Debug|Any CPU
		{7BA3BD93-1E9B-4EDC-BDE6-EAC1B3441A96}.Release|Any CPU.ActiveCfg = Release|Any CPU
		{7BA3BD93-1E9B-4EDC-BDE6-EAC1B3441A96}.Release|Any CPU.Build.0 = Release|Any CPU
		{7CB0F2BC-C54F-4E0D-AEB0-9BA7DE76DACB}.Debug|Any CPU.ActiveCfg = Debug|Any CPU
		{7CB0F2BC-C54F-4E0D-AEB0-9BA7DE76DACB}.Debug|Any CPU.Build.0 = Debug|Any CPU
		{7CB0F2BC-C54F-4E0D-AEB0-9BA7DE76DACB}.Release|Any CPU.ActiveCfg = Release|Any CPU
		{7CB0F2BC-C54F-4E0D-AEB0-9BA7DE76DACB}.Release|Any CPU.Build.0 = Release|Any CPU
	EndGlobalSection
EndGlobal
